lockfileVersion: '6.0'

settings:
  autoInstallPeers: true
  excludeLinksFromLockfile: false

devDependencies:
  '@types/node':
    specifier: 18.18.8
    version: 18.18.8
  typescript:
    specifier: 5.2.2
    version: 5.2.2

packages:

  /@types/node@18.18.8:
    resolution: {integrity: sha512-OLGBaaK5V3VRBS1bAkMVP2/W9B+H8meUfl866OrMNQqt7wDgdpWPp5o6gmIc9pB+lIQHSq4ZL8ypeH1vPxcPaQ==}
    dependencies:
      undici-types: 5.26.5
    dev: true

  /typescript@5.2.2:
    resolution: {integrity: sha512-mI4WrpHsbCIcwT9cF4FZvr80QUeKvsUsUvKDoR+X/7XHQH98xYD8YHZg7ANtz2GtZt/CBq2QJ0thkGJMHfqc1w==}
    engines: {node: '>=14.17'}
    hasBin: true
    dev: true

  /undici-types@5.26.5:
    resolution: {integrity: sha512-JlCMO+ehdEIKqlFxk6IfVoAUVmgz7cU7zD/h9XZ0qzeosSHmUJVOzSQvvYSYWXkFXC+IfLKSIffhv0sVZup6pA==}
    dev: true
