lockfileVersion: '9.0'

settings:
  autoInstallPeers: true
  excludeLinksFromLockfile: false

importers:

  .:
    devDependencies:
      '@types/node':
        specifier: 24.6.0
        version: 24.6.0
      typescript:
        specifier: 5.9.3
        version: 5.9.3

packages:

  '@types/node@24.6.0':
    resolution: {integrity: sha512-F1CBxgqwOMc4GKJ7eY22hWhBVQuMYTtqI8L0FcszYcpYX0fzfDGpez22Xau8Mgm7O9fI+zA/TYIdq3tGWfweBA==, tarball: https://registry.npmjs.org/@types/node/-/node-24.6.0.tgz}

  typescript@5.9.3:
    resolution: {integrity: sha512-jl1vZzPDinLr9eUt3J/t7V6FgNEw9QjvBPdysz9KfQDD41fQrC2Y4vKQdiaUpFT4bXlb1RHhLpp8wtm6M5TgSw==, tarball: https://registry.npmjs.org/typescript/-/typescript-5.9.3.tgz}
    engines: {node: '>=14.17'}
    hasBin: true

  undici-types@7.13.0:
    resolution: {integrity: sha512-Ov2Rr9Sx+fRgagJ5AX0qvItZG/JKKoBRAVITs1zk7IqZGTJUwgUr7qoYBpWwakpWilTZFM98rG/AFRocu10iIQ==, tarball: https://registry.npmjs.org/undici-types/-/undici-types-7.13.0.tgz}

onlyBuiltDependencies: []

snapshots:

  '@types/node@24.6.0':
    dependencies:
      undici-types: 7.13.0

  typescript@5.9.3: {}

  undici-types@7.13.0: {}
