lockfileVersion: '6.0'

settings:
  autoInstallPeers: true
  excludeLinksFromLockfile: false

devDependencies:
  '@types/node':
    specifier: 20.10.3
    version: 20.10.3
  typescript:
    specifier: 5.3.2
    version: 5.3.2

packages:

  /@types/node@20.10.3:
    resolution: {integrity: sha512-XJavIpZqiXID5Yxnxv3RUDKTN5b81ddNC3ecsA0SoFXz/QU8OGBwZGMomiq0zw+uuqbL/krztv/DINAQ/EV4gg==, tarball: https://registry.npmjs.org/@types/node/-/node-20.10.3.tgz}
    dependencies:
      undici-types: 5.26.5
    dev: true

  /typescript@5.3.2:
    resolution: {integrity: sha512-6l+RyNy7oAHDfxC4FzSJcz9vnjTKxrLpDG5M2Vu4SHRVNg6xzqZp6LYSR9zjqQTu8DU/f5xwxUdADOkbrIX2gQ==, tarball: https://registry.npmjs.org/typescript/-/typescript-5.3.2.tgz}
    engines: {node: '>=14.17'}
    hasBin: true
    dev: true

  /undici-types@5.26.5:
    resolution: {integrity: sha512-JlCMO+ehdEIKqlFxk6IfVoAUVmgz7cU7zD/h9XZ0qzeosSHmUJVOzSQvvYSYWXkFXC+IfLKSIffhv0sVZup6pA==, tarball: https://registry.npmjs.org/undici-types/-/undici-types-5.26.5.tgz}
    dev: true
